// !$*UTF8*$!
{
	archiveVersion = 1;
	classes = {
	};
	objectVersion = 55;
	objects = {

/* Begin PBXBuildFile section */
		03DB3D502797447D00117A48 /* WordleApp.swift in Sources */ = {isa = PBXBuildFile; fileRef = 03DB3D4F2797447D00117A48 /* WordleApp.swift */; };
		03DB3D522797447D00117A48 /* GameView.swift in Sources */ = {isa = PBXBuildFile; fileRef = 03DB3D512797447D00117A48 /* GameView.swift */; };
		03DB3D542797447F00117A48 /* Assets.xcassets in Resources */ = {isa = PBXBuildFile; fileRef = 03DB3D532797447F00117A48 /* Assets.xcassets */; };
		03DB3D572797447F00117A48 /* Preview Assets.xcassets in Resources */ = {isa = PBXBuildFile; fileRef = 03DB3D562797447F00117A48 /* Preview Assets.xcassets */; };
		03DB3D5F279744C200117A48 /* ComposableArchitecture in Frameworks */ = {isa = PBXBuildFile; productRef = 03DB3D5E279744C200117A48 /* ComposableArchitecture */; };
		03DB3D61279749C800117A48 /* KeyboardView.swift in Sources */ = {isa = PBXBuildFile; fileRef = 03DB3D60279749C800117A48 /* KeyboardView.swift */; };
		03DB3D6327974B8E00117A48 /* AppState.swift in Sources */ = {isa = PBXBuildFile; fileRef = 03DB3D6227974B8E00117A48 /* AppState.swift */; };
		03DB3D6527984B7900117A48 /* Words.swift in Sources */ = {isa = PBXBuildFile; fileRef = 03DB3D6427984B7900117A48 /* Words.swift */; };
		03DB3D672798945700117A48 /* GameOverView.swift in Sources */ = {isa = PBXBuildFile; fileRef = 03DB3D662798945700117A48 /* GameOverView.swift */; };
		03DB3D6927989D2600117A48 /* Models.swift in Sources */ = {isa = PBXBuildFile; fileRef = 03DB3D6827989D2600117A48 /* Models.swift */; };
		B457AB4827B28B3A00234298 /* wordle-allowed-guesses.txt in Resources */ = {isa = PBXBuildFile; fileRef = B457AB4627B28B3A00234298 /* wordle-allowed-guesses.txt */; };
		B457AB4927B28B3A00234298 /* wordle-answers-alphabetical.txt in Resources */ = {isa = PBXBuildFile; fileRef = B457AB4727B28B3A00234298 /* wordle-answers-alphabetical.txt */; };
/* End PBXBuildFile section */

/* Begin PBXFileReference section */
		03DB3D4C2797447D00117A48 /* Wordle.app */ = {isa = PBXFileReference; explicitFileType = wrapper.application; includeInIndex = 0; path = Wordle.app; sourceTree = BUILT_PRODUCTS_DIR; };
		03DB3D4F2797447D00117A48 /* WordleApp.swift */ = {isa = PBXFileReference; lastKnownFileType = sourcecode.swift; path = WordleApp.swift; sourceTree = "<group>"; };
		03DB3D512797447D00117A48 /* GameView.swift */ = {isa = PBXFileReference; lastKnownFileType = sourcecode.swift; path = GameView.swift; sourceTree = "<group>"; };
		03DB3D532797447F00117A48 /* Assets.xcassets */ = {isa = PBXFileReference; lastKnownFileType = folder.assetcatalog; path = Assets.xcassets; sourceTree = "<group>"; };
		03DB3D562797447F00117A48 /* Preview Assets.xcassets */ = {isa = PBXFileReference; lastKnownFileType = folder.assetcatalog; path = "Preview Assets.xcassets"; sourceTree = "<group>"; };
		03DB3D60279749C800117A48 /* KeyboardView.swift */ = {isa = PBXFileReference; lastKnownFileType = sourcecode.swift; path = KeyboardView.swift; sourceTree = "<group>"; };
		03DB3D6227974B8E00117A48 /* AppState.swift */ = {isa = PBXFileReference; lastKnownFileType = sourcecode.swift; path = AppState.swift; sourceTree = "<group>"; };
		03DB3D6427984B7900117A48 /* Words.swift */ = {isa = PBXFileReference; lastKnownFileType = sourcecode.swift; path = Words.swift; sourceTree = "<group>"; };
		03DB3D662798945700117A48 /* GameOverView.swift */ = {isa = PBXFileReference; lastKnownFileType = sourcecode.swift; path = GameOverView.swift; sourceTree = "<group>"; };
		03DB3D6827989D2600117A48 /* Models.swift */ = {isa = PBXFileReference; lastKnownFileType = sourcecode.swift; path = Models.swift; sourceTree = "<group>"; };
		B457AB4627B28B3A00234298 /* wordle-allowed-guesses.txt */ = {isa = PBXFileReference; fileEncoding = 4; lastKnownFileType = text; path = "wordle-allowed-guesses.txt"; sourceTree = "<group>"; };
		B457AB4727B28B3A00234298 /* wordle-answers-alphabetical.txt */ = {isa = PBXFileReference; fileEncoding = 4; lastKnownFileType = text; path = "wordle-answers-alphabetical.txt"; sourceTree = "<group>"; };
/* End PBXFileReference section */

/* Begin PBXFrameworksBuildPhase section */
		03DB3D492797447D00117A48 /* Frameworks */ = {
			isa = PBXFrameworksBuildPhase;
			buildActionMask = 2147483647;
			files = (
				03DB3D5F279744C200117A48 /* ComposableArchitecture in Frameworks */,
			);
			runOnlyForDeploymentPostprocessing = 0;
		};
/* End PBXFrameworksBuildPhase section */

/* Begin PBXGroup section */
		03DB3D432797447D00117A48 = {
			isa = PBXGroup;
			children = (
				03DB3D4E2797447D00117A48 /* Wordle */,
				03DB3D4D2797447D00117A48 /* Products */,
			);
			sourceTree = "<group>";
		};
		03DB3D4D2797447D00117A48 /* Products */ = {
			isa = PBXGroup;
			children = (
				03DB3D4C2797447D00117A48 /* Wordle.app */,
			);
			name = Products;
			sourceTree = "<group>";
		};
		03DB3D4E2797447D00117A48 /* Wordle */ = {
			isa = PBXGroup;
			children = (
				03DB3D6227974B8E00117A48 /* AppState.swift */,
				03DB3D512797447D00117A48 /* GameView.swift */,
				03DB3D662798945700117A48 /* GameOverView.swift */,
				03DB3D60279749C800117A48 /* KeyboardView.swift */,
				03DB3D6827989D2600117A48 /* Models.swift */,
				03DB3D4F2797447D00117A48 /* WordleApp.swift */,
				03DB3D6427984B7900117A48 /* Words.swift */,
				B457AB4627B28B3A00234298 /* wordle-allowed-guesses.txt */,
				B457AB4727B28B3A00234298 /* wordle-answers-alphabetical.txt */,
				03DB3D532797447F00117A48 /* Assets.xcassets */,
				03DB3D552797447F00117A48 /* Preview Content */,
			);
			path = Wordle;
			sourceTree = "<group>";
		};
		03DB3D552797447F00117A48 /* Preview Content */ = {
			isa = PBXGroup;
			children = (
				03DB3D562797447F00117A48 /* Preview Assets.xcassets */,
			);
			path = "Preview Content";
			sourceTree = "<group>";
		};
/* End PBXGroup section */

/* Begin PBXNativeTarget section */
		03DB3D4B2797447D00117A48 /* Wordle */ = {
			isa = PBXNativeTarget;
			buildConfigurationList = 03DB3D5A2797447F00117A48 /* Build configuration list for PBXNativeTarget "Wordle" */;
			buildPhases = (
				03DB3D482797447D00117A48 /* Sources */,
				03DB3D492797447D00117A48 /* Frameworks */,
				03DB3D4A2797447D00117A48 /* Resources */,
			);
			buildRules = (
			);
			dependencies = (
			);
			name = Wordle;
			packageProductDependencies = (
				03DB3D5E279744C200117A48 /* ComposableArchitecture */,
			);
			productName = Wordle;
			productReference = 03DB3D4C2797447D00117A48 /* Wordle.app */;
			productType = "com.apple.product-type.application";
		};
/* End PBXNativeTarget section */

/* Begin PBXProject section */
		03DB3D442797447D00117A48 /* Project object */ = {
			isa = PBXProject;
			attributes = {
				BuildIndependentTargetsInParallel = 1;
				LastSwiftUpdateCheck = 1320;
				LastUpgradeCheck = 1320;
				TargetAttributes = {
					03DB3D4B2797447D00117A48 = {
						CreatedOnToolsVersion = 13.2;
					};
				};
			};
			buildConfigurationList = 03DB3D472797447D00117A48 /* Build configuration list for PBXProject "Wordle" */;
			compatibilityVersion = "Xcode 13.0";
			developmentRegion = en;
			hasScannedForEncodings = 0;
			knownRegions = (
				en,
				Base,
			);
			mainGroup = 03DB3D432797447D00117A48;
			packageReferences = (
				03DB3D5D279744C200117A48 /* XCRemoteSwiftPackageReference "swift-composable-architecture" */,
			);
			productRefGroup = 03DB3D4D2797447D00117A48 /* Products */;
			projectDirPath = "";
			projectRoot = "";
			targets = (
				03DB3D4B2797447D00117A48 /* Wordle */,
			);
		};
/* End PBXProject section */

/* Begin PBXResourcesBuildPhase section */
		03DB3D4A2797447D00117A48 /* Resources */ = {
			isa = PBXResourcesBuildPhase;
			buildActionMask = 2147483647;
			files = (
				03DB3D572797447F00117A48 /* Preview Assets.xcassets in Resources */,
				B457AB4927B28B3A00234298 /* wordle-answers-alphabetical.txt in Resources */,
				B457AB4827B28B3A00234298 /* wordle-allowed-guesses.txt in Resources */,
				03DB3D542797447F00117A48 /* Assets.xcassets in Resources */,
			);
			runOnlyForDeploymentPostprocessing = 0;
		};
/* End PBXResourcesBuildPhase section */

/* Begin PBXSourcesBuildPhase section */
		03DB3D482797447D00117A48 /* Sources */ = {
			isa = PBXSourcesBuildPhase;
			buildActionMask = 2147483647;
			files = (
				03DB3D61279749C800117A48 /* KeyboardView.swift in Sources */,
				03DB3D522797447D00117A48 /* GameView.swift in Sources */,
				03DB3D502797447D00117A48 /* WordleApp.swift in Sources */,
				03DB3D6327974B8E00117A48 /* AppState.swift in Sources */,
				03DB3D672798945700117A48 /* GameOverView.swift in Sources */,
				03DB3D6527984B7900117A48 /* Words.swift in Sources */,
				03DB3D6927989D2600117A48 /* Models.swift in Sources */,
			);
			runOnlyForDeploymentPostprocessing = 0;
		};
/* End PBXSourcesBuildPhase section */

/* Begin XCBuildConfiguration section */
		03DB3D582797447F00117A48 /* Debug */ = {
			isa = XCBuildConfiguration;
			buildSettings = {
				ALWAYS_SEARCH_USER_PATHS = NO;
				CLANG_ANALYZER_NONNULL = YES;
				CLANG_ANALYZER_NUMBER_OBJECT_CONVERSION = YES_AGGRESSIVE;
				CLANG_CXX_LANGUAGE_STANDARD = "gnu++17";
				CLANG_CXX_LIBRARY = "libc++";
				CLANG_ENABLE_MODULES = YES;
				CLANG_ENABLE_OBJC_ARC = YES;
				CLANG_ENABLE_OBJC_WEAK = YES;
				CLANG_WARN_BLOCK_CAPTURE_AUTORELEASING = YES;
				CLANG_WARN_BOOL_CONVERSION = YES;
				CLANG_WARN_COMMA = YES;
				CLANG_WARN_CONSTANT_CONVERSION = YES;
				CLANG_WARN_DEPRECATED_OBJC_IMPLEMENTATIONS = YES;
				CLANG_WARN_DIRECT_OBJC_ISA_USAGE = YES_ERROR;
				CLANG_WARN_DOCUMENTATION_COMMENTS = YES;
				CLANG_WARN_EMPTY_BODY = YES;
				CLANG_WARN_ENUM_CONVERSION = YES;
				CLANG_WARN_INFINITE_RECURSION = YES;
				CLANG_WARN_INT_CONVERSION = YES;
				CLANG_WARN_NON_LITERAL_NULL_CONVERSION = YES;
				CLANG_WARN_OBJC_IMPLICIT_RETAIN_SELF = YES;
				CLANG_WARN_OBJC_LITERAL_CONVERSION = YES;
				CLANG_WARN_OBJC_ROOT_CLASS = YES_ERROR;
				CLANG_WARN_QUOTED_INCLUDE_IN_FRAMEWORK_HEADER = YES;
				CLANG_WARN_RANGE_LOOP_ANALYSIS = YES;
				CLANG_WARN_STRICT_PROTOTYPES = YES;
				CLANG_WARN_SUSPICIOUS_MOVE = YES;
				CLANG_WARN_UNGUARDED_AVAILABILITY = YES_AGGRESSIVE;
				CLANG_WARN_UNREACHABLE_CODE = YES;
				CLANG_WARN__DUPLICATE_METHOD_MATCH = YES;
				COPY_PHASE_STRIP = NO;
				DEBUG_INFORMATION_FORMAT = dwarf;
				ENABLE_STRICT_OBJC_MSGSEND = YES;
				ENABLE_TESTABILITY = YES;
				GCC_C_LANGUAGE_STANDARD = gnu11;
				GCC_DYNAMIC_NO_PIC = NO;
				GCC_NO_COMMON_BLOCKS = YES;
				GCC_OPTIMIZATION_LEVEL = 0;
				GCC_PREPROCESSOR_DEFINITIONS = (
					"DEBUG=1",
					"$(inherited)",
				);
				GCC_WARN_64_TO_32_BIT_CONVERSION = YES;
				GCC_WARN_ABOUT_RETURN_TYPE = YES_ERROR;
				GCC_WARN_UNDECLARED_SELECTOR = YES;
				GCC_WARN_UNINITIALIZED_AUTOS = YES_AGGRESSIVE;
				GCC_WARN_UNUSED_FUNCTION = YES;
				GCC_WARN_UNUSED_VARIABLE = YES;
				IPHONEOS_DEPLOYMENT_TARGET = 15.2;
				MTL_ENABLE_DEBUG_INFO = INCLUDE_SOURCE;
				MTL_FAST_MATH = YES;
				ONLY_ACTIVE_ARCH = YES;
				SDKROOT = iphoneos;
				SWIFT_ACTIVE_COMPILATION_CONDITIONS = DEBUG;
				SWIFT_OPTIMIZATION_LEVEL = "-Onone";
			};
			name = Debug;
		};
		03DB3D592797447F00117A48 /* Release */ = {
			isa = XCBuildConfiguration;
			buildSettings = {
				ALWAYS_SEARCH_USER_PATHS = NO;
				CLANG_ANALYZER_NONNULL = YES;
				CLANG_ANALYZER_NUMBER_OBJECT_CONVERSION = YES_AGGRESSIVE;
				CLANG_CXX_LANGUAGE_STANDARD = "gnu++17";
				CLANG_CXX_LIBRARY = "libc++";
				CLANG_ENABLE_MODULES = YES;
				CLANG_ENABLE_OBJC_ARC = YES;
				CLANG_ENABLE_OBJC_WEAK = YES;
				CLANG_WARN_BLOCK_CAPTURE_AUTORELEASING = YES;
				CLANG_WARN_BOOL_CONVERSION = YES;
				CLANG_WARN_COMMA = YES;
				CLANG_WARN_CONSTANT_CONVERSION = YES;
				CLANG_WARN_DEPRECATED_OBJC_IMPLEMENTATIONS = YES;
				CLANG_WARN_DIRECT_OBJC_ISA_USAGE = YES_ERROR;
				CLANG_WARN_DOCUMENTATION_COMMENTS = YES;
				CLANG_WARN_EMPTY_BODY = YES;
				CLANG_WARN_ENUM_CONVERSION = YES;
				CLANG_WARN_INFINITE_RECURSION = YES;
				CLANG_WARN_INT_CONVERSION = YES;
				CLANG_WARN_NON_LITERAL_NULL_CONVERSION = YES;
				CLANG_WARN_OBJC_IMPLICIT_RETAIN_SELF = YES;
				CLANG_WARN_OBJC_LITERAL_CONVERSION = YES;
				CLANG_WARN_OBJC_ROOT_CLASS = YES_ERROR;
				CLANG_WARN_QUOTED_INCLUDE_IN_FRAMEWORK_HEADER = YES;
				CLANG_WARN_RANGE_LOOP_ANALYSIS = YES;
				CLANG_WARN_STRICT_PROTOTYPES = YES;
				CLANG_WARN_SUSPICIOUS_MOVE = YES;
				CLANG_WARN_UNGUARDED_AVAILABILITY = YES_AGGRESSIVE;
				CLANG_WARN_UNREACHABLE_CODE = YES;
				CLANG_WARN__DUPLICATE_METHOD_MATCH = YES;
				COPY_PHASE_STRIP = NO;
				DEBUG_INFORMATION_FORMAT = "dwarf-with-dsym";
				ENABLE_NS_ASSERTIONS = NO;
				ENABLE_STRICT_OBJC_MSGSEND = YES;
				GCC_C_LANGUAGE_STANDARD = gnu11;
				GCC_NO_COMMON_BLOCKS = YES;
				GCC_WARN_64_TO_32_BIT_CONVERSION = YES;
				GCC_WARN_ABOUT_RETURN_TYPE = YES_ERROR;
				GCC_WARN_UNDECLARED_SELECTOR = YES;
				GCC_WARN_UNINITIALIZED_AUTOS = YES_AGGRESSIVE;
				GCC_WARN_UNUSED_FUNCTION = YES;
				GCC_WARN_UNUSED_VARIABLE = YES;
				IPHONEOS_DEPLOYMENT_TARGET = 15.2;
				MTL_ENABLE_DEBUG_INFO = NO;
				MTL_FAST_MATH = YES;
				SDKROOT = iphoneos;
				SWIFT_COMPILATION_MODE = wholemodule;
				SWIFT_OPTIMIZATION_LEVEL = "-O";
				VALIDATE_PRODUCT = YES;
			};
			name = Release;
		};
		03DB3D5B2797447F00117A48 /* Debug */ = {
			isa = XCBuildConfiguration;
			buildSettings = {
				ASSETCATALOG_COMPILER_APPICON_NAME = AppIcon;
				ASSETCATALOG_COMPILER_GLOBAL_ACCENT_COLOR_NAME = AccentColor;
				CODE_SIGN_STYLE = Automatic;
				CURRENT_PROJECT_VERSION = 1;
				DEVELOPMENT_ASSET_PATHS = "\"Wordle/Preview Content\"";
				DEVELOPMENT_TEAM = ZW2C6ZA5K9;
				ENABLE_PREVIEWS = YES;
				GENERATE_INFOPLIST_FILE = YES;
				INFOPLIST_KEY_UIApplicationSceneManifest_Generation = YES;
				INFOPLIST_KEY_UIApplicationSupportsIndirectInputEvents = YES;
				INFOPLIST_KEY_UILaunchScreen_Generation = YES;
				INFOPLIST_KEY_UISupportedInterfaceOrientations_iPad = "UIInterfaceOrientationPortrait UIInterfaceOrientationPortraitUpsideDown UIInterfaceOrientationLandscapeLeft UIInterfaceOrientationLandscapeRight";
				INFOPLIST_KEY_UISupportedInterfaceOrientations_iPhone = "UIInterfaceOrientationPortrait UIInterfaceOrientationLandscapeLeft UIInterfaceOrientationLandscapeRight";
				LD_RUNPATH_SEARCH_PATHS = (
					"$(inherited)",
					"@executable_path/Frameworks",
				);
				MARKETING_VERSION = 1.0;
				PRODUCT_BUNDLE_IDENTIFIER = abc.Wordle;
				PRODUCT_NAME = "$(TARGET_NAME)";
				SWIFT_EMIT_LOC_STRINGS = YES;
				SWIFT_VERSION = 5.0;
				TARGETED_DEVICE_FAMILY = "1,2";
			};
			name = Debug;
		};
		03DB3D5C2797447F00117A48 /* Release */ = {
			isa = XCBuildConfiguration;
			buildSettings = {
				ASSETCATALOG_COMPILER_APPICON_NAME = AppIcon;
				ASSETCATALOG_COMPILER_GLOBAL_ACCENT_COLOR_NAME = AccentColor;
				CODE_SIGN_STYLE = Automatic;
				CURRENT_PROJECT_VERSION = 1;
				DEVELOPMENT_ASSET_PATHS = "\"Wordle/Preview Content\"";
				DEVELOPMENT_TEAM = ZW2C6ZA5K9;
				ENABLE_PREVIEWS = YES;
				GENERATE_INFOPLIST_FILE = YES;
				INFOPLIST_KEY_UIApplicationSceneManifest_Generation = YES;
				INFOPLIST_KEY_UIApplicationSupportsIndirectInputEvents = YES;
				INFOPLIST_KEY_UILaunchScreen_Generation = YES;
				INFOPLIST_KEY_UISupportedInterfaceOrientations_iPad = "UIInterfaceOrientationPortrait UIInterfaceOrientationPortraitUpsideDown UIInterfaceOrientationLandscapeLeft UIInterfaceOrientationLandscapeRight";
				INFOPLIST_KEY_UISupportedInterfaceOrientations_iPhone = "UIInterfaceOrientationPortrait UIInterfaceOrientationLandscapeLeft UIInterfaceOrientationLandscapeRight";
				LD_RUNPATH_SEARCH_PATHS = (
					"$(inherited)",
					"@executable_path/Frameworks",
				);
				MARKETING_VERSION = 1.0;
				PRODUCT_BUNDLE_IDENTIFIER = abc.Wordle;
				PRODUCT_NAME = "$(TARGET_NAME)";
				SWIFT_EMIT_LOC_STRINGS = YES;
				SWIFT_VERSION = 5.0;
				TARGETED_DEVICE_FAMILY = "1,2";
			};
			name = Release;
		};
/* End XCBuildConfiguration section */

/* Begin XCConfigurationList section */
		03DB3D472797447D00117A48 /* Build configuration list for PBXProject "Wordle" */ = {
			isa = XCConfigurationList;
			buildConfigurations = (
				03DB3D582797447F00117A48 /* Debug */,
				03DB3D592797447F00117A48 /* Release */,
			);
			defaultConfigurationIsVisible = 0;
			defaultConfigurationName = Release;
		};
		03DB3D5A2797447F00117A48 /* Build configuration list for PBXNativeTarget "Wordle" */ = {
			isa = XCConfigurationList;
			buildConfigurations = (
				03DB3D5B2797447F00117A48 /* Debug */,
				03DB3D5C2797447F00117A48 /* Release */,
			);
			defaultConfigurationIsVisible = 0;
			defaultConfigurationName = Release;
		};
/* End XCConfigurationList section */

/* Begin XCRemoteSwiftPackageReference section */
		03DB3D5D279744C200117A48 /* XCRemoteSwiftPackageReference "swift-composable-architecture" */ = {
			isa = XCRemoteSwiftPackageReference;
			repositoryURL = "https://github.com/pointfreeco/swift-composable-architecture.git";
			requirement = {
				kind = exactVersion;
				version = 0.33.1;
			};
		};
/* End XCRemoteSwiftPackageReference section */

/* Begin XCSwiftPackageProductDependency section */
		03DB3D5E279744C200117A48 /* ComposableArchitecture */ = {
			isa = XCSwiftPackageProductDependency;
			package = 03DB3D5D279744C200117A48 /* XCRemoteSwiftPackageReference "swift-composable-architecture" */;
			productName = ComposableArchitecture;
		};
/* End XCSwiftPackageProductDependency section */
	};
	rootObject = 03DB3D442797447D00117A48 /* Project object */;
}
